
Microsoft Visual Studio Solution File, Format Version 12.00
# Visual Studio 15
VisualStudioVersion = 15.0.28010.2046
MinimumVisualStudioVersion = 10.0.40219.1
Project("{FAE04EC0-301F-11D3-BF4B-00C04F79EFBC}") = "Xamarin_02_01.Android", "Xamarin_02_01\Xamarin_02_01.Android\Xamarin_02_01.Android.csproj", "{954A6008-15B4-42FD-8C4C-9B3076DD302A}"
EndProject
Project("{FAE04EC0-301F-11D3-BF4B-00C04F79EFBC}") = "Xamarin_02_01", "Xamarin_02_01\Xamarin_02_01\Xamarin_02_01.csproj", "{87B6BDA8-B43F-41F1-BEEF-B3E1F1EA8FE2}"
EndProject
Global
	GlobalSection(SolutionConfigurationPlatforms) = preSolution
		Debug|Any CPU = Debug|Any CPU
		Release|Any CPU = Release|Any CPU
	EndGlobalSection
	GlobalSection(ProjectConfigurationPlatforms) = postSolution
		{954A6008-15B4-42FD-8C4C-9B3076DD302A}.Debug|Any CPU.ActiveCfg = Debug|Any CPU
		{954A6008-15B4-42FD-8C4C-9B3076DD302A}.Debug|Any CPU.Build.0 = Debug|Any CPU
		{954A6008-15B4-42FD-8C4C-9B3076DD302A}.Debug|Any CPU.Deploy.0 = Debug|Any CPU
		{954A6008-15B4-42FD-8C4C-9B3076DD302A}.Release|Any CPU.ActiveCfg = Release|Any CPU
		{954A6008-15B4-42FD-8C4C-9B3076DD302A}.Release|Any CPU.Build.0 = Release|Any CPU
		{954A6008-15B4-42FD-8C4C-9B3076DD302A}.Release|Any CPU.Deploy.0 = Release|Any CPU
		{87B6BDA8-B43F-41F1-BEEF-B3E1F1EA8FE2}.Debug|Any CPU.ActiveCfg = Debug|Any CPU
		{87B6BDA8-B43F-41F1-BEEF-B3E1F1EA8FE2}.Debug|Any CPU.Build.0 = Debug|Any CPU
		{87B6BDA8-B43F-41F1-BEEF-B3E1F1EA8FE2}.Debug|Any CPU.Deploy.0 = Debug|Any CPU
		{87B6BDA8-B43F-41F1-BEEF-B3E1F1EA8FE2}.Release|Any CPU.ActiveCfg = Release|Any CPU
		{87B6BDA8-B43F-41F1-BEEF-B3E1F1EA8FE2}.Release|Any CPU.Build.0 = Release|Any CPU
		{87B6BDA8-B43F-41F1-BEEF-B3E1F1EA8FE2}.Release|Any CPU.Deploy.0 = Release|Any CPU
	EndGlobalSection
	GlobalSection(SolutionProperties) = preSolution
		HideSolutionNode = FALSE
	EndGlobalSection
	GlobalSection(ExtensibilityGlobals) = postSolution
		SolutionGuid = {70E5F1A9-1630-4B12-8884-2D0124BFC9F2}
	EndGlobalSection
EndGlobal
